
Microsoft Visual Studio Solution File, Format Version 12.00
# Visual Studio 14
VisualStudioVersion = 14.0.25420.1
MinimumVisualStudioVersion = 10.0.40219.1
Project("{8BC9CEB8-8B4A-11D0-8D11-00A0C91BC942}") = "Blepo", "..\src\Blepo.vcxproj", "{A91D392F-C24E-40FD-BE44-43082D0FC532}"
EndProject
Project("{8BC9CEB8-8B4A-11D0-8D11-00A0C91BC942}") = "Canny_edge", "Canny_edge\Canny_edge.vcxproj", "{16E552FD-FC8B-4135-A5EA-BB055B1C3655}"
EndProject
Global
	GlobalSection(SolutionConfigurationPlatforms) = preSolution
		Debug|Win32 = Debug|Win32
		Release|Win32 = Release|Win32
	EndGlobalSection
	GlobalSection(ProjectConfigurationPlatforms) = postSolution
		{A91D392F-C24E-40FD-BE44-43082D0FC532}.Debug|Win32.ActiveCfg = Debug|Win32
		{A91D392F-C24E-40FD-BE44-43082D0FC532}.Debug|Win32.Build.0 = Debug|Win32
		{A91D392F-C24E-40FD-BE44-43082D0FC532}.Release|Win32.ActiveCfg = Release|Win32
		{A91D392F-C24E-40FD-BE44-43082D0FC532}.Release|Win32.Build.0 = Release|Win32
		{16E552FD-FC8B-4135-A5EA-BB055B1C3655}.Debug|Win32.ActiveCfg = Debug|Win32
		{16E552FD-FC8B-4135-A5EA-BB055B1C3655}.Debug|Win32.Build.0 = Debug|Win32
		{16E552FD-FC8B-4135-A5EA-BB055B1C3655}.Release|Win32.ActiveCfg = Release|Win32
		{16E552FD-FC8B-4135-A5EA-BB055B1C3655}.Release|Win32.Build.0 = Release|Win32
	EndGlobalSection
	GlobalSection(SolutionProperties) = preSolution
		HideSolutionNode = FALSE
	EndGlobalSection
EndGlobal
